
Microsoft Visual Studio Solution File, Format Version 12.00
# Visual Studio Version 17
VisualStudioVersion = 17.9.34728.123
MinimumVisualStudioVersion = 10.0.40219.1
Project("{9A19103F-16F7-4668-BE54-9A1E7A4F7556}") = "Homework 1", "Homework 1\Homework 1.csproj", "{2CC7A283-E0CF-4FBF-9FE6-F2CED558E6F9}"
EndProject
Project("{9A19103F-16F7-4668-BE54-9A1E7A4F7556}") = "Homework 3", "Homework 3\Homework 3.csproj", "{0DC8FDDB-4F26-4FE3-992D-D574D48AF176}"
EndProject
Project("{9A19103F-16F7-4668-BE54-9A1E7A4F7556}") = "Homework 2", "Homework Two\Homework 2.csproj", "{1E8321F1-1224-4D61-ACEA-501601E0107B}"
EndProject
Project("{9A19103F-16F7-4668-BE54-9A1E7A4F7556}") = "Homework 4", "Homework 4\Homework 4.csproj", "{B6663CB9-B8A5-42CD-926D-A062AE785E12}"
EndProject
Project("{9A19103F-16F7-4668-BE54-9A1E7A4F7556}") = "Homework 4 Unit Tests", "Homework 4 Unit Tests\Homework 4 Unit Tests.csproj", "{F13FC141-BA3C-42EA-9C7E-FD5125F35428}"
EndProject
Project("{FAE04EC0-301F-11D3-BF4B-00C04F79EFBC}") = "Homework 5", "Homework 5\Homework 5.csproj", "{3C9C40E9-7F35-4342-B64D-C2A811A46D94}"
EndProject
Global
	GlobalSection(SolutionConfigurationPlatforms) = preSolution
		Debug|Any CPU = Debug|Any CPU
		Release|Any CPU = Release|Any CPU
	EndGlobalSection
	GlobalSection(ProjectConfigurationPlatforms) = postSolution
		{2CC7A283-E0CF-4FBF-9FE6-F2CED558E6F9}.Debug|Any CPU.ActiveCfg = Debug|Any CPU
		{2CC7A283-E0CF-4FBF-9FE6-F2CED558E6F9}.Debug|Any CPU.Build.0 = Debug|Any CPU
		{2CC7A283-E0CF-4FBF-9FE6-F2CED558E6F9}.Release|Any CPU.ActiveCfg = Release|Any CPU
		{2CC7A283-E0CF-4FBF-9FE6-F2CED558E6F9}.Release|Any CPU.Build.0 = Release|Any CPU
		{0DC8FDDB-4F26-4FE3-992D-D574D48AF176}.Debug|Any CPU.ActiveCfg = Debug|Any CPU
		{0DC8FDDB-4F26-4FE3-992D-D574D48AF176}.Debug|Any CPU.Build.0 = Debug|Any CPU
		{0DC8FDDB-4F26-4FE3-992D-D574D48AF176}.Release|Any CPU.ActiveCfg = Release|Any CPU
		{0DC8FDDB-4F26-4FE3-992D-D574D48AF176}.Release|Any CPU.Build.0 = Release|Any CPU
		{1E8321F1-1224-4D61-ACEA-501601E0107B}.Debug|Any CPU.ActiveCfg = Debug|Any CPU
		{1E8321F1-1224-4D61-ACEA-501601E0107B}.Debug|Any CPU.Build.0 = Debug|Any CPU
		{1E8321F1-1224-4D61-ACEA-501601E0107B}.Release|Any CPU.ActiveCfg = Release|Any CPU
		{1E8321F1-1224-4D61-ACEA-501601E0107B}.Release|Any CPU.Build.0 = Release|Any CPU
		{B6663CB9-B8A5-42CD-926D-A062AE785E12}.Debug|Any CPU.ActiveCfg = Debug|Any CPU
		{B6663CB9-B8A5-42CD-926D-A062AE785E12}.Debug|Any CPU.Build.0 = Debug|Any CPU
		{B6663CB9-B8A5-42CD-926D-A062AE785E12}.Release|Any CPU.ActiveCfg = Release|Any CPU
		{B6663CB9-B8A5-42CD-926D-A062AE785E12}.Release|Any CPU.Build.0 = Release|Any CPU
		{F13FC141-BA3C-42EA-9C7E-FD5125F35428}.Debug|Any CPU.ActiveCfg = Debug|Any CPU
		{F13FC141-BA3C-42EA-9C7E-FD5125F35428}.Debug|Any CPU.Build.0 = Debug|Any CPU
		{F13FC141-BA3C-42EA-9C7E-FD5125F35428}.Release|Any CPU.ActiveCfg = Release|Any CPU
		{F13FC141-BA3C-42EA-9C7E-FD5125F35428}.Release|Any CPU.Build.0 = Release|Any CPU
		{3C9C40E9-7F35-4342-B64D-C2A811A46D94}.Debug|Any CPU.ActiveCfg = Debug|Any CPU
		{3C9C40E9-7F35-4342-B64D-C2A811A46D94}.Debug|Any CPU.Build.0 = Debug|Any CPU
		{3C9C40E9-7F35-4342-B64D-C2A811A46D94}.Release|Any CPU.ActiveCfg = Release|Any CPU
		{3C9C40E9-7F35-4342-B64D-C2A811A46D94}.Release|Any CPU.Build.0 = Release|Any CPU
	EndGlobalSection
	GlobalSection(SolutionProperties) = preSolution
		HideSolutionNode = FALSE
	EndGlobalSection
	GlobalSection(ExtensibilityGlobals) = postSolution
		SolutionGuid = {B7B03424-473D-4BC4-AF61-02F023976CD4}
	EndGlobalSection
EndGlobal
